Microsoft Visual Studio Solution File, Format Version 12.00
# Visual Studio 15
VisualStudioVersion = 15.0.26228.9
MinimumVisualStudioVersion = 10.0.40219.1
Project("{FAE04EC0-301F-11D3-BF4B-00C04F79EFBC}") = "Inventory.DataModel", "Inventory.DataModel\Inventory.DataModel.csproj", "{E453890A-331F-4495-90D5-54B7733429F3}"
EndProject
Project("{FAE04EC0-301F-11D3-BF4B-00C04F79EFBC}") = "Inventory.ConsoleUI", "Inventory.Interface\Inventory.ConsoleUI.csproj", "{F20DB924-B314-4E39-ABD1-835A07545E79}"
EndProject
Project("{FAE04EC0-301F-11D3-BF4B-00C04F79EFBC}") = "RepositoryTests", "RepositoryTests\RepositoryTests.csproj", "{D182833F-3A4E-4366-88D1-1F0727518630}"
EndProject
Project("{FAE04EC0-301F-11D3-BF4B-00C04F79EFBC}") = "Inventory.NetStandard.Classes", "Inventory.NetStandard.Classes\Inventory.NetStandard.Classes.csproj", "{FBABB55F-DB56-416C-BB9B-2270440E65AD}"
EndProject
Global
	GlobalSection(SolutionConfigurationPlatforms) = preSolution
		Debug|Any CPU = Debug|Any CPU
		Debug|ARM = Debug|ARM
		Debug|x64 = Debug|x64
		Debug|x86 = Debug|x86
		Release|Any CPU = Release|Any CPU
		Release|ARM = Release|ARM
		Release|x64 = Release|x64
		Release|x86 = Release|x86
	EndGlobalSection
	GlobalSection(ProjectConfigurationPlatforms) = postSolution
		{E453890A-331F-4495-90D5-54B7733429F3}.Debug|Any CPU.ActiveCfg = Debug|Any CPU
		{E453890A-331F-4495-90D5-54B7733429F3}.Debug|Any CPU.Build.0 = Debug|Any CPU
		{E453890A-331F-4495-90D5-54B7733429F3}.Debug|ARM.ActiveCfg = Debug|Any CPU
		{E453890A-331F-4495-90D5-54B7733429F3}.Debug|ARM.Build.0 = Debug|Any CPU
		{E453890A-331F-4495-90D5-54B7733429F3}.Debug|x64.ActiveCfg = Debug|Any CPU
		{E453890A-331F-4495-90D5-54B7733429F3}.Debug|x64.Build.0 = Debug|Any CPU
		{E453890A-331F-4495-90D5-54B7733429F3}.Debug|x86.ActiveCfg = Debug|Any CPU
		{E453890A-331F-4495-90D5-54B7733429F3}.Debug|x86.Build.0 = Debug|Any CPU
		{E453890A-331F-4495-90D5-54B7733429F3}.Release|Any CPU.ActiveCfg = Release|Any CPU
		{E453890A-331F-4495-90D5-54B7733429F3}.Release|Any CPU.Build.0 = Release|Any CPU
		{E453890A-331F-4495-90D5-54B7733429F3}.Release|ARM.ActiveCfg = Release|Any CPU
		{E453890A-331F-4495-90D5-54B7733429F3}.Release|ARM.Build.0 = Release|Any CPU
		{E453890A-331F-4495-90D5-54B7733429F3}.Release|x64.ActiveCfg = Release|Any CPU
		{E453890A-331F-4495-90D5-54B7733429F3}.Release|x64.Build.0 = Release|Any CPU
		{E453890A-331F-4495-90D5-54B7733429F3}.Release|x86.ActiveCfg = Release|Any CPU
		{E453890A-331F-4495-90D5-54B7733429F3}.Release|x86.Build.0 = Release|Any CPU
		{F20DB924-B314-4E39-ABD1-835A07545E79}.Debug|Any CPU.ActiveCfg = Debug|Any CPU
		{F20DB924-B314-4E39-ABD1-835A07545E79}.Debug|Any CPU.Build.0 = Debug|Any CPU
		{F20DB924-B314-4E39-ABD1-835A07545E79}.Debug|ARM.ActiveCfg = Debug|Any CPU
		{F20DB924-B314-4E39-ABD1-835A07545E79}.Debug|ARM.Build.0 = Debug|Any CPU
		{F20DB924-B314-4E39-ABD1-835A07545E79}.Debug|x64.ActiveCfg = Debug|Any CPU
		{F20DB924-B314-4E39-ABD1-835A07545E79}.Debug|x64.Build.0 = Debug|Any CPU
		{F20DB924-B314-4E39-ABD1-835A07545E79}.Debug|x86.ActiveCfg = Debug|Any CPU
		{F20DB924-B314-4E39-ABD1-835A07545E79}.Debug|x86.Build.0 = Debug|Any CPU
		{F20DB924-B314-4E39-ABD1-835A07545E79}.Release|Any CPU.ActiveCfg = Release|Any CPU
		{F20DB924-B314-4E39-ABD1-835A07545E79}.Release|Any CPU.Build.0 = Release|Any CPU
		{F20DB924-B314-4E39-ABD1-835A07545E79}.Release|ARM.ActiveCfg = Release|Any CPU
		{F20DB924-B314-4E39-ABD1-835A07545E79}.Release|ARM.Build.0 = Release|Any CPU
		{F20DB924-B314-4E39-ABD1-835A07545E79}.Release|x64.ActiveCfg = Release|Any CPU
		{F20DB924-B314-4E39-ABD1-835A07545E79}.Release|x64.Build.0 = Release|Any CPU
		{F20DB924-B314-4E39-ABD1-835A07545E79}.Release|x86.ActiveCfg = Release|Any CPU
		{F20DB924-B314-4E39-ABD1-835A07545E79}.Release|x86.Build.0 = Release|Any CPU
		{D182833F-3A4E-4366-88D1-1F0727518630}.Debug|Any CPU.ActiveCfg = Debug|Any CPU
		{D182833F-3A4E-4366-88D1-1F0727518630}.Debug|Any CPU.Build.0 = Debug|Any CPU
		{D182833F-3A4E-4366-88D1-1F0727518630}.Debug|ARM.ActiveCfg = Debug|Any CPU
		{D182833F-3A4E-4366-88D1-1F0727518630}.Debug|ARM.Build.0 = Debug|Any CPU
		{D182833F-3A4E-4366-88D1-1F0727518630}.Debug|x64.ActiveCfg = Debug|Any CPU
		{D182833F-3A4E-4366-88D1-1F0727518630}.Debug|x64.Build.0 = Debug|Any CPU
		{D182833F-3A4E-4366-88D1-1F0727518630}.Debug|x86.ActiveCfg = Debug|Any CPU
		{D182833F-3A4E-4366-88D1-1F0727518630}.Debug|x86.Build.0 = Debug|Any CPU
		{D182833F-3A4E-4366-88D1-1F0727518630}.Release|Any CPU.ActiveCfg = Release|Any CPU
		{D182833F-3A4E-4366-88D1-1F0727518630}.Release|Any CPU.Build.0 = Release|Any CPU
		{D182833F-3A4E-4366-88D1-1F0727518630}.Release|ARM.ActiveCfg = Release|Any CPU
		{D182833F-3A4E-4366-88D1-1F0727518630}.Release|ARM.Build.0 = Release|Any CPU
		{D182833F-3A4E-4366-88D1-1F0727518630}.Release|x64.ActiveCfg = Release|Any CPU
		{D182833F-3A4E-4366-88D1-1F0727518630}.Release|x64.Build.0 = Release|Any CPU
		{D182833F-3A4E-4366-88D1-1F0727518630}.Release|x86.ActiveCfg = Release|Any CPU
		{D182833F-3A4E-4366-88D1-1F0727518630}.Release|x86.Build.0 = Release|Any CPU
		{FBABB55F-DB56-416C-BB9B-2270440E65AD}.Debug|Any CPU.ActiveCfg = Debug|Any CPU
		{FBABB55F-DB56-416C-BB9B-2270440E65AD}.Debug|Any CPU.Build.0 = Debug|Any CPU
		{FBABB55F-DB56-416C-BB9B-2270440E65AD}.Debug|ARM.ActiveCfg = Debug|Any CPU
		{FBABB55F-DB56-416C-BB9B-2270440E65AD}.Debug|ARM.Build.0 = Debug|Any CPU
		{FBABB55F-DB56-416C-BB9B-2270440E65AD}.Debug|x64.ActiveCfg = Debug|Any CPU
		{FBABB55F-DB56-416C-BB9B-2270440E65AD}.Debug|x64.Build.0 = Debug|Any CPU
		{FBABB55F-DB56-416C-BB9B-2270440E65AD}.Debug|x86.ActiveCfg = Debug|Any CPU
		{FBABB55F-DB56-416C-BB9B-2270440E65AD}.Debug|x86.Build.0 = Debug|Any CPU
		{FBABB55F-DB56-416C-BB9B-2270440E65AD}.Release|Any CPU.ActiveCfg = Release|Any CPU
		{FBABB55F-DB56-416C-BB9B-2270440E65AD}.Release|Any CPU.Build.0 = Release|Any CPU
		{FBABB55F-DB56-416C-BB9B-2270440E65AD}.Release|ARM.ActiveCfg = Release|Any CPU
		{FBABB55F-DB56-416C-BB9B-2270440E65AD}.Release|ARM.Build.0 = Release|Any CPU
		{FBABB55F-DB56-416C-BB9B-2270440E65AD}.Release|x64.ActiveCfg = Release|Any CPU
		{FBABB55F-DB56-416C-BB9B-2270440E65AD}.Release|x64.Build.0 = Release|Any CPU
		{FBABB55F-DB56-416C-BB9B-2270440E65AD}.Release|x86.ActiveCfg = Release|Any CPU
		{FBABB55F-DB56-416C-BB9B-2270440E65AD}.Release|x86.Build.0 = Release|Any CPU
	EndGlobalSection
	GlobalSection(SolutionProperties) = preSolution
		HideSolutionNode = FALSE
	EndGlobalSection
EndGlobal
