
Microsoft Visual Studio Solution File, Format Version 12.00
# Visual Studio 14
VisualStudioVersion = 14.0.25420.1
MinimumVisualStudioVersion = 10.0.40219.1
Project("{FAE04EC0-301F-11D3-BF4B-00C04F79EFBC}") = "Inventory.Classes", "Inventory\Inventory.Classes.csproj", "{44293367-9030-49A8-9FB1-B0023F54621D}"
EndProject
Project("{FAE04EC0-301F-11D3-BF4B-00C04F79EFBC}") = "Inventory.DataModel", "Inventory.DataModel\Inventory.DataModel.csproj", "{E453890A-331F-4495-90D5-54B7733429F3}"
EndProject
Project("{FAE04EC0-301F-11D3-BF4B-00C04F79EFBC}") = "Inventory.ConsoleUI", "Inventory.Interface\Inventory.ConsoleUI.csproj", "{F20DB924-B314-4E39-ABD1-835A07545E79}"
EndProject
Project("{FAE04EC0-301F-11D3-BF4B-00C04F79EFBC}") = "RepositoryTests", "RepositoryTests\RepositoryTests.csproj", "{D182833F-3A4E-4366-88D1-1F0727518630}"
EndProject
Project("{FAE04EC0-301F-11D3-BF4B-00C04F79EFBC}") = "Inventory.UWPLayer", "Inventory.UWPLayer\Inventory.UWPLayer.csproj", "{2B34CA3F-ADDC-4273-9E90-69C985AAD516}"
EndProject
Project("{FAE04EC0-301F-11D3-BF4B-00C04F79EFBC}") = "Inventory.PCL.Classes", "Inventory.PCL.Classes\Inventory.PCL.Classes.csproj", "{4E810FA0-1569-42B8-905D-5C61A3F0A154}"
EndProject
Global
	GlobalSection(SolutionConfigurationPlatforms) = preSolution
		Debug|Any CPU = Debug|Any CPU
		Debug|ARM = Debug|ARM
		Debug|x64 = Debug|x64
		Debug|x86 = Debug|x86
		Release|Any CPU = Release|Any CPU
		Release|ARM = Release|ARM
		Release|x64 = Release|x64
		Release|x86 = Release|x86
	EndGlobalSection
	GlobalSection(ProjectConfigurationPlatforms) = postSolution
		{44293367-9030-49A8-9FB1-B0023F54621D}.Debug|Any CPU.ActiveCfg = Debug|Any CPU
		{44293367-9030-49A8-9FB1-B0023F54621D}.Debug|Any CPU.Build.0 = Debug|Any CPU
		{44293367-9030-49A8-9FB1-B0023F54621D}.Debug|ARM.ActiveCfg = Debug|Any CPU
		{44293367-9030-49A8-9FB1-B0023F54621D}.Debug|ARM.Build.0 = Debug|Any CPU
		{44293367-9030-49A8-9FB1-B0023F54621D}.Debug|x64.ActiveCfg = Debug|Any CPU
		{44293367-9030-49A8-9FB1-B0023F54621D}.Debug|x64.Build.0 = Debug|Any CPU
		{44293367-9030-49A8-9FB1-B0023F54621D}.Debug|x86.ActiveCfg = Debug|Any CPU
		{44293367-9030-49A8-9FB1-B0023F54621D}.Debug|x86.Build.0 = Debug|Any CPU
		{44293367-9030-49A8-9FB1-B0023F54621D}.Release|Any CPU.ActiveCfg = Release|Any CPU
		{44293367-9030-49A8-9FB1-B0023F54621D}.Release|Any CPU.Build.0 = Release|Any CPU
		{44293367-9030-49A8-9FB1-B0023F54621D}.Release|ARM.ActiveCfg = Release|Any CPU
		{44293367-9030-49A8-9FB1-B0023F54621D}.Release|ARM.Build.0 = Release|Any CPU
		{44293367-9030-49A8-9FB1-B0023F54621D}.Release|x64.ActiveCfg = Release|Any CPU
		{44293367-9030-49A8-9FB1-B0023F54621D}.Release|x64.Build.0 = Release|Any CPU
		{44293367-9030-49A8-9FB1-B0023F54621D}.Release|x86.ActiveCfg = Release|Any CPU
		{44293367-9030-49A8-9FB1-B0023F54621D}.Release|x86.Build.0 = Release|Any CPU
		{E453890A-331F-4495-90D5-54B7733429F3}.Debug|Any CPU.ActiveCfg = Debug|Any CPU
		{E453890A-331F-4495-90D5-54B7733429F3}.Debug|Any CPU.Build.0 = Debug|Any CPU
		{E453890A-331F-4495-90D5-54B7733429F3}.Debug|ARM.ActiveCfg = Debug|Any CPU
		{E453890A-331F-4495-90D5-54B7733429F3}.Debug|ARM.Build.0 = Debug|Any CPU
		{E453890A-331F-4495-90D5-54B7733429F3}.Debug|x64.ActiveCfg = Debug|Any CPU
		{E453890A-331F-4495-90D5-54B7733429F3}.Debug|x64.Build.0 = Debug|Any CPU
		{E453890A-331F-4495-90D5-54B7733429F3}.Debug|x86.ActiveCfg = Debug|Any CPU
		{E453890A-331F-4495-90D5-54B7733429F3}.Debug|x86.Build.0 = Debug|Any CPU
		{E453890A-331F-4495-90D5-54B7733429F3}.Release|Any CPU.ActiveCfg = Release|Any CPU
		{E453890A-331F-4495-90D5-54B7733429F3}.Release|Any CPU.Build.0 = Release|Any CPU
		{E453890A-331F-4495-90D5-54B7733429F3}.Release|ARM.ActiveCfg = Release|Any CPU
		{E453890A-331F-4495-90D5-54B7733429F3}.Release|ARM.Build.0 = Release|Any CPU
		{E453890A-331F-4495-90D5-54B7733429F3}.Release|x64.ActiveCfg = Release|Any CPU
		{E453890A-331F-4495-90D5-54B7733429F3}.Release|x64.Build.0 = Release|Any CPU
		{E453890A-331F-4495-90D5-54B7733429F3}.Release|x86.ActiveCfg = Release|Any CPU
		{E453890A-331F-4495-90D5-54B7733429F3}.Release|x86.Build.0 = Release|Any CPU
		{F20DB924-B314-4E39-ABD1-835A07545E79}.Debug|Any CPU.ActiveCfg = Debug|Any CPU
		{F20DB924-B314-4E39-ABD1-835A07545E79}.Debug|Any CPU.Build.0 = Debug|Any CPU
		{F20DB924-B314-4E39-ABD1-835A07545E79}.Debug|ARM.ActiveCfg = Debug|Any CPU
		{F20DB924-B314-4E39-ABD1-835A07545E79}.Debug|ARM.Build.0 = Debug|Any CPU
		{F20DB924-B314-4E39-ABD1-835A07545E79}.Debug|x64.ActiveCfg = Debug|Any CPU
		{F20DB924-B314-4E39-ABD1-835A07545E79}.Debug|x64.Build.0 = Debug|Any CPU
		{F20DB924-B314-4E39-ABD1-835A07545E79}.Debug|x86.ActiveCfg = Debug|Any CPU
		{F20DB924-B314-4E39-ABD1-835A07545E79}.Debug|x86.Build.0 = Debug|Any CPU
		{F20DB924-B314-4E39-ABD1-835A07545E79}.Release|Any CPU.ActiveCfg = Release|Any CPU
		{F20DB924-B314-4E39-ABD1-835A07545E79}.Release|Any CPU.Build.0 = Release|Any CPU
		{F20DB924-B314-4E39-ABD1-835A07545E79}.Release|ARM.ActiveCfg = Release|Any CPU
		{F20DB924-B314-4E39-ABD1-835A07545E79}.Release|ARM.Build.0 = Release|Any CPU
		{F20DB924-B314-4E39-ABD1-835A07545E79}.Release|x64.ActiveCfg = Release|Any CPU
		{F20DB924-B314-4E39-ABD1-835A07545E79}.Release|x64.Build.0 = Release|Any CPU
		{F20DB924-B314-4E39-ABD1-835A07545E79}.Release|x86.ActiveCfg = Release|Any CPU
		{F20DB924-B314-4E39-ABD1-835A07545E79}.Release|x86.Build.0 = Release|Any CPU
		{D182833F-3A4E-4366-88D1-1F0727518630}.Debug|Any CPU.ActiveCfg = Debug|Any CPU
		{D182833F-3A4E-4366-88D1-1F0727518630}.Debug|Any CPU.Build.0 = Debug|Any CPU
		{D182833F-3A4E-4366-88D1-1F0727518630}.Debug|ARM.ActiveCfg = Debug|Any CPU
		{D182833F-3A4E-4366-88D1-1F0727518630}.Debug|ARM.Build.0 = Debug|Any CPU
		{D182833F-3A4E-4366-88D1-1F0727518630}.Debug|x64.ActiveCfg = Debug|Any CPU
		{D182833F-3A4E-4366-88D1-1F0727518630}.Debug|x64.Build.0 = Debug|Any CPU
		{D182833F-3A4E-4366-88D1-1F0727518630}.Debug|x86.ActiveCfg = Debug|Any CPU
		{D182833F-3A4E-4366-88D1-1F0727518630}.Debug|x86.Build.0 = Debug|Any CPU
		{D182833F-3A4E-4366-88D1-1F0727518630}.Release|Any CPU.ActiveCfg = Release|Any CPU
		{D182833F-3A4E-4366-88D1-1F0727518630}.Release|Any CPU.Build.0 = Release|Any CPU
		{D182833F-3A4E-4366-88D1-1F0727518630}.Release|ARM.ActiveCfg = Release|Any CPU
		{D182833F-3A4E-4366-88D1-1F0727518630}.Release|ARM.Build.0 = Release|Any CPU
		{D182833F-3A4E-4366-88D1-1F0727518630}.Release|x64.ActiveCfg = Release|Any CPU
		{D182833F-3A4E-4366-88D1-1F0727518630}.Release|x64.Build.0 = Release|Any CPU
		{D182833F-3A4E-4366-88D1-1F0727518630}.Release|x86.ActiveCfg = Release|Any CPU
		{D182833F-3A4E-4366-88D1-1F0727518630}.Release|x86.Build.0 = Release|Any CPU
		{2B34CA3F-ADDC-4273-9E90-69C985AAD516}.Debug|Any CPU.ActiveCfg = Debug|x86
		{2B34CA3F-ADDC-4273-9E90-69C985AAD516}.Debug|ARM.ActiveCfg = Debug|ARM
		{2B34CA3F-ADDC-4273-9E90-69C985AAD516}.Debug|ARM.Build.0 = Debug|ARM
		{2B34CA3F-ADDC-4273-9E90-69C985AAD516}.Debug|ARM.Deploy.0 = Debug|ARM
		{2B34CA3F-ADDC-4273-9E90-69C985AAD516}.Debug|x64.ActiveCfg = Debug|x64
		{2B34CA3F-ADDC-4273-9E90-69C985AAD516}.Debug|x64.Build.0 = Debug|x64
		{2B34CA3F-ADDC-4273-9E90-69C985AAD516}.Debug|x64.Deploy.0 = Debug|x64
		{2B34CA3F-ADDC-4273-9E90-69C985AAD516}.Debug|x86.ActiveCfg = Debug|x86
		{2B34CA3F-ADDC-4273-9E90-69C985AAD516}.Debug|x86.Build.0 = Debug|x86
		{2B34CA3F-ADDC-4273-9E90-69C985AAD516}.Debug|x86.Deploy.0 = Debug|x86
		{2B34CA3F-ADDC-4273-9E90-69C985AAD516}.Release|Any CPU.ActiveCfg = Release|x86
		{2B34CA3F-ADDC-4273-9E90-69C985AAD516}.Release|ARM.ActiveCfg = Release|ARM
		{2B34CA3F-ADDC-4273-9E90-69C985AAD516}.Release|ARM.Build.0 = Release|ARM
		{2B34CA3F-ADDC-4273-9E90-69C985AAD516}.Release|ARM.Deploy.0 = Release|ARM
		{2B34CA3F-ADDC-4273-9E90-69C985AAD516}.Release|x64.ActiveCfg = Release|x64
		{2B34CA3F-ADDC-4273-9E90-69C985AAD516}.Release|x64.Build.0 = Release|x64
		{2B34CA3F-ADDC-4273-9E90-69C985AAD516}.Release|x64.Deploy.0 = Release|x64
		{2B34CA3F-ADDC-4273-9E90-69C985AAD516}.Release|x86.ActiveCfg = Release|x86
		{2B34CA3F-ADDC-4273-9E90-69C985AAD516}.Release|x86.Build.0 = Release|x86
		{2B34CA3F-ADDC-4273-9E90-69C985AAD516}.Release|x86.Deploy.0 = Release|x86
		{4E810FA0-1569-42B8-905D-5C61A3F0A154}.Debug|Any CPU.ActiveCfg = Debug|Any CPU
		{4E810FA0-1569-42B8-905D-5C61A3F0A154}.Debug|Any CPU.Build.0 = Debug|Any CPU
		{4E810FA0-1569-42B8-905D-5C61A3F0A154}.Debug|ARM.ActiveCfg = Debug|Any CPU
		{4E810FA0-1569-42B8-905D-5C61A3F0A154}.Debug|ARM.Build.0 = Debug|Any CPU
		{4E810FA0-1569-42B8-905D-5C61A3F0A154}.Debug|x64.ActiveCfg = Debug|Any CPU
		{4E810FA0-1569-42B8-905D-5C61A3F0A154}.Debug|x64.Build.0 = Debug|Any CPU
		{4E810FA0-1569-42B8-905D-5C61A3F0A154}.Debug|x86.ActiveCfg = Debug|Any CPU
		{4E810FA0-1569-42B8-905D-5C61A3F0A154}.Debug|x86.Build.0 = Debug|Any CPU
		{4E810FA0-1569-42B8-905D-5C61A3F0A154}.Release|Any CPU.ActiveCfg = Release|Any CPU
		{4E810FA0-1569-42B8-905D-5C61A3F0A154}.Release|Any CPU.Build.0 = Release|Any CPU
		{4E810FA0-1569-42B8-905D-5C61A3F0A154}.Release|ARM.ActiveCfg = Release|Any CPU
		{4E810FA0-1569-42B8-905D-5C61A3F0A154}.Release|ARM.Build.0 = Release|Any CPU
		{4E810FA0-1569-42B8-905D-5C61A3F0A154}.Release|x64.ActiveCfg = Release|Any CPU
		{4E810FA0-1569-42B8-905D-5C61A3F0A154}.Release|x64.Build.0 = Release|Any CPU
		{4E810FA0-1569-42B8-905D-5C61A3F0A154}.Release|x86.ActiveCfg = Release|Any CPU
		{4E810FA0-1569-42B8-905D-5C61A3F0A154}.Release|x86.Build.0 = Release|Any CPU
	EndGlobalSection
	GlobalSection(SolutionProperties) = preSolution
		HideSolutionNode = FALSE
	EndGlobalSection
EndGlobal
